
Microsoft Visual Studio Solution File, Format Version 12.00
# Visual Studio 15
VisualStudioVersion = 15.0.28307.168
MinimumVisualStudioVersion = 10.0.40219.1
Project("{8BC9CEB8-8B4A-11D0-8D11-00A0C91BC942}") = "Spawners", "Spawners\Spawners.vcxproj", "{0DB38A4E-13E4-4F9D-911E-6188E79EE30D}"
EndProject
Global
	GlobalSection(SolutionConfigurationPlatforms) = preSolution
		Debug|x64 = Debug|x64
		Debug|x86 = Debug|x86
		Release|x64 = Release|x64
		Release|x86 = Release|x86
	EndGlobalSection
	GlobalSection(ProjectConfigurationPlatforms) = postSolution
		{0DB38A4E-13E4-4F9D-911E-6188E79EE30D}.Debug|x64.ActiveCfg = Debug|x64
		{0DB38A4E-13E4-4F9D-911E-6188E79EE30D}.Debug|x64.Build.0 = Debug|x64
		{0DB38A4E-13E4-4F9D-911E-6188E79EE30D}.Debug|x86.ActiveCfg = Debug|Win32
		{0DB38A4E-13E4-4F9D-911E-6188E79EE30D}.Debug|x86.Build.0 = Debug|Win32
		{0DB38A4E-13E4-4F9D-911E-6188E79EE30D}.Release|x64.ActiveCfg = Release|x64
		{0DB38A4E-13E4-4F9D-911E-6188E79EE30D}.Release|x64.Build.0 = Release|x64
		{0DB38A4E-13E4-4F9D-911E-6188E79EE30D}.Release|x86.ActiveCfg = Release|Win32
		{0DB38A4E-13E4-4F9D-911E-6188E79EE30D}.Release|x86.Build.0 = Release|Win32
	EndGlobalSection
	GlobalSection(SolutionProperties) = preSolution
		HideSolutionNode = FALSE
	EndGlobalSection
	GlobalSection(ExtensibilityGlobals) = postSolution
		SolutionGuid = {2C2A9A1F-F8FB-44E1-A93D-916177D8A182}
	EndGlobalSection
EndGlobal
