
Microsoft Visual Studio Solution File, Format Version 12.00
# Visual Studio 15
VisualStudioVersion = 15.0.28307.136
MinimumVisualStudioVersion = 10.0.40219.1
Project("{9A19103F-16F7-4668-BE54-9A1E7A4F7556}") = "HelloWorld", "Project\HelloWorld.csproj", "{54476864-A6E4-4954-8F63-18B2961C6B55}"
EndProject
Project("{9A19103F-16F7-4668-BE54-9A1E7A4F7556}") = "Exercise1", "Exercise1\Exercise1.csproj", "{DAD078B1-D51A-46B7-8012-1FF32570D46C}"
EndProject
Project("{9A19103F-16F7-4668-BE54-9A1E7A4F7556}") = "Exercise2", "Exercise2\Exercise2.csproj", "{5251AA6B-18FD-46EB-9EE3-1BB5FA997935}"
EndProject
Project("{9A19103F-16F7-4668-BE54-9A1E7A4F7556}") = "Bonus_Exercise", "Bonus_Exercise\Bonus_Exercise.csproj", "{BF0CC3D4-5153-452F-811B-B3AC0A469284}"
EndProject
Project("{9A19103F-16F7-4668-BE54-9A1E7A4F7556}") = "Bonus_Bonus_Exercise", "Bonus_Bonus_Exercise\Bonus_Bonus_Exercise.csproj", "{EFB75471-A3AF-4C6C-A5B0-7F382C3C0457}"
EndProject
Project("{9A19103F-16F7-4668-BE54-9A1E7A4F7556}") = "Calculator", "Calculator\Calculator.csproj", "{1605698C-0B9D-4F9C-B291-E686BF6350E2}"
EndProject
Project("{9A19103F-16F7-4668-BE54-9A1E7A4F7556}") = "Fibonacci", "Fibonacci\Fibonacci.csproj", "{3D344F80-A9D5-4324-9BEC-3CE53F09A2AA}"
EndProject
Project("{9A19103F-16F7-4668-BE54-9A1E7A4F7556}") = "CollatZ_Conjecture", "CollatZ_Conjecture\CollatZ_Conjecture.csproj", "{B92E1B65-80FE-4805-8FB0-02EA458532D7}"
EndProject
Project("{9A19103F-16F7-4668-BE54-9A1E7A4F7556}") = "StudentArray1", "W3_Exercise1\StudentArray1.csproj", "{1FAD1838-86A9-4B7A-8016-472E613DEA4C}"
EndProject
Project("{9A19103F-16F7-4668-BE54-9A1E7A4F7556}") = "StudentArray2", "W3_Exercise2\StudentArray2.csproj", "{5AF71DE1-EF70-4C56-BDC9-5FF280FFC960}"
EndProject
Project("{9A19103F-16F7-4668-BE54-9A1E7A4F7556}") = "StudentArray3", "W3_BonusExercise\StudentArray3.csproj", "{39C91217-21EE-4791-88CE-0AD9E1EE7AD4}"
EndProject
Project("{9A19103F-16F7-4668-BE54-9A1E7A4F7556}") = "TriangleNumber", "W3_2_Exercise1\TriangleNumber.csproj", "{4D5460F4-ABCF-4F1A-B93F-EDF52A82810C}"
EndProject
Project("{9A19103F-16F7-4668-BE54-9A1E7A4F7556}") = "BackAlleyDiceShooter", "BackAlleyDiceShooter\BackAlleyDiceShooter.csproj", "{A87DC318-F2CB-44C4-B0FE-D5ADBB4E9F87}"
EndProject
Project("{9A19103F-16F7-4668-BE54-9A1E7A4F7556}") = "W4_Exercise1", "W4_Exercise1\W4_Exercise1.csproj", "{789F98AA-20AA-4788-9BC2-D00D4F85D0A1}"
EndProject
Project("{9A19103F-16F7-4668-BE54-9A1E7A4F7556}") = "W5_Exercise1", "W5_Exercise1\W5_Exercise1.csproj", "{FC4F9E0A-6BBF-4734-8CFC-6F9DF0145BEB}"
EndProject
Project("{9A19103F-16F7-4668-BE54-9A1E7A4F7556}") = "W5_Exercise2", "W5_Exercise2\W5_Exercise2.csproj", "{5F223B79-0EF8-4CEA-9500-F0F79338A7C3}"
EndProject
Project("{9A19103F-16F7-4668-BE54-9A1E7A4F7556}") = "PetSimulator", "PetSimulator\PetSimulator.csproj", "{34B720E2-ECEA-45C1-B3EF-B3FA6C1C8B88}"
EndProject
Project("{9A19103F-16F7-4668-BE54-9A1E7A4F7556}") = "W6_Exercise1", "W6_Exercise1\W6_Exercise1.csproj", "{DD4870C6-4883-450A-863F-9155A578FF25}"
EndProject
Project("{FAE04EC0-301F-11D3-BF4B-00C04F79EFBC}") = "Monopoly", "Monopoly\Monopoly.csproj", "{76F039E5-8C6B-4CF0-A18C-016048B7405D}"
EndProject
Global
	GlobalSection(SolutionConfigurationPlatforms) = preSolution
		Debug|Any CPU = Debug|Any CPU
		Debug|x64 = Debug|x64
		Debug|x86 = Debug|x86
		Release|Any CPU = Release|Any CPU
		Release|x64 = Release|x64
		Release|x86 = Release|x86
	EndGlobalSection
	GlobalSection(ProjectConfigurationPlatforms) = postSolution
		{54476864-A6E4-4954-8F63-18B2961C6B55}.Debug|Any CPU.ActiveCfg = Debug|Any CPU
		{54476864-A6E4-4954-8F63-18B2961C6B55}.Debug|Any CPU.Build.0 = Debug|Any CPU
		{54476864-A6E4-4954-8F63-18B2961C6B55}.Debug|x64.ActiveCfg = Debug|Any CPU
		{54476864-A6E4-4954-8F63-18B2961C6B55}.Debug|x64.Build.0 = Debug|Any CPU
		{54476864-A6E4-4954-8F63-18B2961C6B55}.Debug|x86.ActiveCfg = Debug|Any CPU
		{54476864-A6E4-4954-8F63-18B2961C6B55}.Debug|x86.Build.0 = Debug|Any CPU
		{54476864-A6E4-4954-8F63-18B2961C6B55}.Release|Any CPU.ActiveCfg = Release|Any CPU
		{54476864-A6E4-4954-8F63-18B2961C6B55}.Release|Any CPU.Build.0 = Release|Any CPU
		{54476864-A6E4-4954-8F63-18B2961C6B55}.Release|x64.ActiveCfg = Release|Any CPU
		{54476864-A6E4-4954-8F63-18B2961C6B55}.Release|x64.Build.0 = Release|Any CPU
		{54476864-A6E4-4954-8F63-18B2961C6B55}.Release|x86.ActiveCfg = Release|Any CPU
		{54476864-A6E4-4954-8F63-18B2961C6B55}.Release|x86.Build.0 = Release|Any CPU
		{DAD078B1-D51A-46B7-8012-1FF32570D46C}.Debug|Any CPU.ActiveCfg = Debug|Any CPU
		{DAD078B1-D51A-46B7-8012-1FF32570D46C}.Debug|Any CPU.Build.0 = Debug|Any CPU
		{DAD078B1-D51A-46B7-8012-1FF32570D46C}.Debug|x64.ActiveCfg = Debug|Any CPU
		{DAD078B1-D51A-46B7-8012-1FF32570D46C}.Debug|x64.Build.0 = Debug|Any CPU
		{DAD078B1-D51A-46B7-8012-1FF32570D46C}.Debug|x86.ActiveCfg = Debug|Any CPU
		{DAD078B1-D51A-46B7-8012-1FF32570D46C}.Debug|x86.Build.0 = Debug|Any CPU
		{DAD078B1-D51A-46B7-8012-1FF32570D46C}.Release|Any CPU.ActiveCfg = Release|Any CPU
		{DAD078B1-D51A-46B7-8012-1FF32570D46C}.Release|Any CPU.Build.0 = Release|Any CPU
		{DAD078B1-D51A-46B7-8012-1FF32570D46C}.Release|x64.ActiveCfg = Release|Any CPU
		{DAD078B1-D51A-46B7-8012-1FF32570D46C}.Release|x64.Build.0 = Release|Any CPU
		{DAD078B1-D51A-46B7-8012-1FF32570D46C}.Release|x86.ActiveCfg = Release|Any CPU
		{DAD078B1-D51A-46B7-8012-1FF32570D46C}.Release|x86.Build.0 = Release|Any CPU
		{5251AA6B-18FD-46EB-9EE3-1BB5FA997935}.Debug|Any CPU.ActiveCfg = Debug|Any CPU
		{5251AA6B-18FD-46EB-9EE3-1BB5FA997935}.Debug|Any CPU.Build.0 = Debug|Any CPU
		{5251AA6B-18FD-46EB-9EE3-1BB5FA997935}.Debug|x64.ActiveCfg = Debug|Any CPU
		{5251AA6B-18FD-46EB-9EE3-1BB5FA997935}.Debug|x64.Build.0 = Debug|Any CPU
		{5251AA6B-18FD-46EB-9EE3-1BB5FA997935}.Debug|x86.ActiveCfg = Debug|Any CPU
		{5251AA6B-18FD-46EB-9EE3-1BB5FA997935}.Debug|x86.Build.0 = Debug|Any CPU
		{5251AA6B-18FD-46EB-9EE3-1BB5FA997935}.Release|Any CPU.ActiveCfg = Release|Any CPU
		{5251AA6B-18FD-46EB-9EE3-1BB5FA997935}.Release|Any CPU.Build.0 = Release|Any CPU
		{5251AA6B-18FD-46EB-9EE3-1BB5FA997935}.Release|x64.ActiveCfg = Release|Any CPU
		{5251AA6B-18FD-46EB-9EE3-1BB5FA997935}.Release|x64.Build.0 = Release|Any CPU
		{5251AA6B-18FD-46EB-9EE3-1BB5FA997935}.Release|x86.ActiveCfg = Release|Any CPU
		{5251AA6B-18FD-46EB-9EE3-1BB5FA997935}.Release|x86.Build.0 = Release|Any CPU
		{BF0CC3D4-5153-452F-811B-B3AC0A469284}.Debug|Any CPU.ActiveCfg = Debug|Any CPU
		{BF0CC3D4-5153-452F-811B-B3AC0A469284}.Debug|Any CPU.Build.0 = Debug|Any CPU
		{BF0CC3D4-5153-452F-811B-B3AC0A469284}.Debug|x64.ActiveCfg = Debug|Any CPU
		{BF0CC3D4-5153-452F-811B-B3AC0A469284}.Debug|x64.Build.0 = Debug|Any CPU
		{BF0CC3D4-5153-452F-811B-B3AC0A469284}.Debug|x86.ActiveCfg = Debug|Any CPU
		{BF0CC3D4-5153-452F-811B-B3AC0A469284}.Debug|x86.Build.0 = Debug|Any CPU
		{BF0CC3D4-5153-452F-811B-B3AC0A469284}.Release|Any CPU.ActiveCfg = Release|Any CPU
		{BF0CC3D4-5153-452F-811B-B3AC0A469284}.Release|Any CPU.Build.0 = Release|Any CPU
		{BF0CC3D4-5153-452F-811B-B3AC0A469284}.Release|x64.ActiveCfg = Release|Any CPU
		{BF0CC3D4-5153-452F-811B-B3AC0A469284}.Release|x64.Build.0 = Release|Any CPU
		{BF0CC3D4-5153-452F-811B-B3AC0A469284}.Release|x86.ActiveCfg = Release|Any CPU
		{BF0CC3D4-5153-452F-811B-B3AC0A469284}.Release|x86.Build.0 = Release|Any CPU
		{EFB75471-A3AF-4C6C-A5B0-7F382C3C0457}.Debug|Any CPU.ActiveCfg = Debug|Any CPU
		{EFB75471-A3AF-4C6C-A5B0-7F382C3C0457}.Debug|Any CPU.Build.0 = Debug|Any CPU
		{EFB75471-A3AF-4C6C-A5B0-7F382C3C0457}.Debug|x64.ActiveCfg = Debug|Any CPU
		{EFB75471-A3AF-4C6C-A5B0-7F382C3C0457}.Debug|x64.Build.0 = Debug|Any CPU
		{EFB75471-A3AF-4C6C-A5B0-7F382C3C0457}.Debug|x86.ActiveCfg = Debug|Any CPU
		{EFB75471-A3AF-4C6C-A5B0-7F382C3C0457}.Debug|x86.Build.0 = Debug|Any CPU
		{EFB75471-A3AF-4C6C-A5B0-7F382C3C0457}.Release|Any CPU.ActiveCfg = Release|Any CPU
		{EFB75471-A3AF-4C6C-A5B0-7F382C3C0457}.Release|Any CPU.Build.0 = Release|Any CPU
		{EFB75471-A3AF-4C6C-A5B0-7F382C3C0457}.Release|x64.ActiveCfg = Release|Any CPU
		{EFB75471-A3AF-4C6C-A5B0-7F382C3C0457}.Release|x64.Build.0 = Release|Any CPU
		{EFB75471-A3AF-4C6C-A5B0-7F382C3C0457}.Release|x86.ActiveCfg = Release|Any CPU
		{EFB75471-A3AF-4C6C-A5B0-7F382C3C0457}.Release|x86.Build.0 = Release|Any CPU
		{1605698C-0B9D-4F9C-B291-E686BF6350E2}.Debug|Any CPU.ActiveCfg = Debug|Any CPU
		{1605698C-0B9D-4F9C-B291-E686BF6350E2}.Debug|Any CPU.Build.0 = Debug|Any CPU
		{1605698C-0B9D-4F9C-B291-E686BF6350E2}.Debug|x64.ActiveCfg = Debug|Any CPU
		{1605698C-0B9D-4F9C-B291-E686BF6350E2}.Debug|x64.Build.0 = Debug|Any CPU
		{1605698C-0B9D-4F9C-B291-E686BF6350E2}.Debug|x86.ActiveCfg = Debug|Any CPU
		{1605698C-0B9D-4F9C-B291-E686BF6350E2}.Debug|x86.Build.0 = Debug|Any CPU
		{1605698C-0B9D-4F9C-B291-E686BF6350E2}.Release|Any CPU.ActiveCfg = Release|Any CPU
		{1605698C-0B9D-4F9C-B291-E686BF6350E2}.Release|Any CPU.Build.0 = Release|Any CPU
		{1605698C-0B9D-4F9C-B291-E686BF6350E2}.Release|x64.ActiveCfg = Release|Any CPU
		{1605698C-0B9D-4F9C-B291-E686BF6350E2}.Release|x64.Build.0 = Release|Any CPU
		{1605698C-0B9D-4F9C-B291-E686BF6350E2}.Release|x86.ActiveCfg = Release|Any CPU
		{1605698C-0B9D-4F9C-B291-E686BF6350E2}.Release|x86.Build.0 = Release|Any CPU
		{3D344F80-A9D5-4324-9BEC-3CE53F09A2AA}.Debug|Any CPU.ActiveCfg = Debug|Any CPU
		{3D344F80-A9D5-4324-9BEC-3CE53F09A2AA}.Debug|Any CPU.Build.0 = Debug|Any CPU
		{3D344F80-A9D5-4324-9BEC-3CE53F09A2AA}.Debug|x64.ActiveCfg = Debug|Any CPU
		{3D344F80-A9D5-4324-9BEC-3CE53F09A2AA}.Debug|x64.Build.0 = Debug|Any CPU
		{3D344F80-A9D5-4324-9BEC-3CE53F09A2AA}.Debug|x86.ActiveCfg = Debug|Any CPU
		{3D344F80-A9D5-4324-9BEC-3CE53F09A2AA}.Debug|x86.Build.0 = Debug|Any CPU
		{3D344F80-A9D5-4324-9BEC-3CE53F09A2AA}.Release|Any CPU.ActiveCfg = Release|Any CPU
		{3D344F80-A9D5-4324-9BEC-3CE53F09A2AA}.Release|Any CPU.Build.0 = Release|Any CPU
		{3D344F80-A9D5-4324-9BEC-3CE53F09A2AA}.Release|x64.ActiveCfg = Release|Any CPU
		{3D344F80-A9D5-4324-9BEC-3CE53F09A2AA}.Release|x64.Build.0 = Release|Any CPU
		{3D344F80-A9D5-4324-9BEC-3CE53F09A2AA}.Release|x86.ActiveCfg = Release|Any CPU
		{3D344F80-A9D5-4324-9BEC-3CE53F09A2AA}.Release|x86.Build.0 = Release|Any CPU
		{B92E1B65-80FE-4805-8FB0-02EA458532D7}.Debug|Any CPU.ActiveCfg = Debug|Any CPU
		{B92E1B65-80FE-4805-8FB0-02EA458532D7}.Debug|Any CPU.Build.0 = Debug|Any CPU
		{B92E1B65-80FE-4805-8FB0-02EA458532D7}.Debug|x64.ActiveCfg = Debug|Any CPU
		{B92E1B65-80FE-4805-8FB0-02EA458532D7}.Debug|x64.Build.0 = Debug|Any CPU
		{B92E1B65-80FE-4805-8FB0-02EA458532D7}.Debug|x86.ActiveCfg = Debug|Any CPU
		{B92E1B65-80FE-4805-8FB0-02EA458532D7}.Debug|x86.Build.0 = Debug|Any CPU
		{B92E1B65-80FE-4805-8FB0-02EA458532D7}.Release|Any CPU.ActiveCfg = Release|Any CPU
		{B92E1B65-80FE-4805-8FB0-02EA458532D7}.Release|Any CPU.Build.0 = Release|Any CPU
		{B92E1B65-80FE-4805-8FB0-02EA458532D7}.Release|x64.ActiveCfg = Release|Any CPU
		{B92E1B65-80FE-4805-8FB0-02EA458532D7}.Release|x64.Build.0 = Release|Any CPU
		{B92E1B65-80FE-4805-8FB0-02EA458532D7}.Release|x86.ActiveCfg = Release|Any CPU
		{B92E1B65-80FE-4805-8FB0-02EA458532D7}.Release|x86.Build.0 = Release|Any CPU
		{1FAD1838-86A9-4B7A-8016-472E613DEA4C}.Debug|Any CPU.ActiveCfg = Debug|Any CPU
		{1FAD1838-86A9-4B7A-8016-472E613DEA4C}.Debug|Any CPU.Build.0 = Debug|Any CPU
		{1FAD1838-86A9-4B7A-8016-472E613DEA4C}.Debug|x64.ActiveCfg = Debug|Any CPU
		{1FAD1838-86A9-4B7A-8016-472E613DEA4C}.Debug|x64.Build.0 = Debug|Any CPU
		{1FAD1838-86A9-4B7A-8016-472E613DEA4C}.Debug|x86.ActiveCfg = Debug|Any CPU
		{1FAD1838-86A9-4B7A-8016-472E613DEA4C}.Debug|x86.Build.0 = Debug|Any CPU
		{1FAD1838-86A9-4B7A-8016-472E613DEA4C}.Release|Any CPU.ActiveCfg = Release|Any CPU
		{1FAD1838-86A9-4B7A-8016-472E613DEA4C}.Release|Any CPU.Build.0 = Release|Any CPU
		{1FAD1838-86A9-4B7A-8016-472E613DEA4C}.Release|x64.ActiveCfg = Release|Any CPU
		{1FAD1838-86A9-4B7A-8016-472E613DEA4C}.Release|x64.Build.0 = Release|Any CPU
		{1FAD1838-86A9-4B7A-8016-472E613DEA4C}.Release|x86.ActiveCfg = Release|Any CPU
		{1FAD1838-86A9-4B7A-8016-472E613DEA4C}.Release|x86.Build.0 = Release|Any CPU
		{5AF71DE1-EF70-4C56-BDC9-5FF280FFC960}.Debug|Any CPU.ActiveCfg = Debug|Any CPU
		{5AF71DE1-EF70-4C56-BDC9-5FF280FFC960}.Debug|Any CPU.Build.0 = Debug|Any CPU
		{5AF71DE1-EF70-4C56-BDC9-5FF280FFC960}.Debug|x64.ActiveCfg = Debug|Any CPU
		{5AF71DE1-EF70-4C56-BDC9-5FF280FFC960}.Debug|x64.Build.0 = Debug|Any CPU
		{5AF71DE1-EF70-4C56-BDC9-5FF280FFC960}.Debug|x86.ActiveCfg = Debug|Any CPU
		{5AF71DE1-EF70-4C56-BDC9-5FF280FFC960}.Debug|x86.Build.0 = Debug|Any CPU
		{5AF71DE1-EF70-4C56-BDC9-5FF280FFC960}.Release|Any CPU.ActiveCfg = Release|Any CPU
		{5AF71DE1-EF70-4C56-BDC9-5FF280FFC960}.Release|Any CPU.Build.0 = Release|Any CPU
		{5AF71DE1-EF70-4C56-BDC9-5FF280FFC960}.Release|x64.ActiveCfg = Release|Any CPU
		{5AF71DE1-EF70-4C56-BDC9-5FF280FFC960}.Release|x64.Build.0 = Release|Any CPU
		{5AF71DE1-EF70-4C56-BDC9-5FF280FFC960}.Release|x86.ActiveCfg = Release|Any CPU
		{5AF71DE1-EF70-4C56-BDC9-5FF280FFC960}.Release|x86.Build.0 = Release|Any CPU
		{39C91217-21EE-4791-88CE-0AD9E1EE7AD4}.Debug|Any CPU.ActiveCfg = Debug|Any CPU
		{39C91217-21EE-4791-88CE-0AD9E1EE7AD4}.Debug|Any CPU.Build.0 = Debug|Any CPU
		{39C91217-21EE-4791-88CE-0AD9E1EE7AD4}.Debug|x64.ActiveCfg = Debug|Any CPU
		{39C91217-21EE-4791-88CE-0AD9E1EE7AD4}.Debug|x64.Build.0 = Debug|Any CPU
		{39C91217-21EE-4791-88CE-0AD9E1EE7AD4}.Debug|x86.ActiveCfg = Debug|Any CPU
		{39C91217-21EE-4791-88CE-0AD9E1EE7AD4}.Debug|x86.Build.0 = Debug|Any CPU
		{39C91217-21EE-4791-88CE-0AD9E1EE7AD4}.Release|Any CPU.ActiveCfg = Release|Any CPU
		{39C91217-21EE-4791-88CE-0AD9E1EE7AD4}.Release|Any CPU.Build.0 = Release|Any CPU
		{39C91217-21EE-4791-88CE-0AD9E1EE7AD4}.Release|x64.ActiveCfg = Release|Any CPU
		{39C91217-21EE-4791-88CE-0AD9E1EE7AD4}.Release|x64.Build.0 = Release|Any CPU
		{39C91217-21EE-4791-88CE-0AD9E1EE7AD4}.Release|x86.ActiveCfg = Release|Any CPU
		{39C91217-21EE-4791-88CE-0AD9E1EE7AD4}.Release|x86.Build.0 = Release|Any CPU
		{4D5460F4-ABCF-4F1A-B93F-EDF52A82810C}.Debug|Any CPU.ActiveCfg = Debug|Any CPU
		{4D5460F4-ABCF-4F1A-B93F-EDF52A82810C}.Debug|Any CPU.Build.0 = Debug|Any CPU
		{4D5460F4-ABCF-4F1A-B93F-EDF52A82810C}.Debug|x64.ActiveCfg = Debug|Any CPU
		{4D5460F4-ABCF-4F1A-B93F-EDF52A82810C}.Debug|x64.Build.0 = Debug|Any CPU
		{4D5460F4-ABCF-4F1A-B93F-EDF52A82810C}.Debug|x86.ActiveCfg = Debug|Any CPU
		{4D5460F4-ABCF-4F1A-B93F-EDF52A82810C}.Debug|x86.Build.0 = Debug|Any CPU
		{4D5460F4-ABCF-4F1A-B93F-EDF52A82810C}.Release|Any CPU.ActiveCfg = Release|Any CPU
		{4D5460F4-ABCF-4F1A-B93F-EDF52A82810C}.Release|Any CPU.Build.0 = Release|Any CPU
		{4D5460F4-ABCF-4F1A-B93F-EDF52A82810C}.Release|x64.ActiveCfg = Release|Any CPU
		{4D5460F4-ABCF-4F1A-B93F-EDF52A82810C}.Release|x64.Build.0 = Release|Any CPU
		{4D5460F4-ABCF-4F1A-B93F-EDF52A82810C}.Release|x86.ActiveCfg = Release|Any CPU
		{4D5460F4-ABCF-4F1A-B93F-EDF52A82810C}.Release|x86.Build.0 = Release|Any CPU
		{A87DC318-F2CB-44C4-B0FE-D5ADBB4E9F87}.Debug|Any CPU.ActiveCfg = Debug|Any CPU
		{A87DC318-F2CB-44C4-B0FE-D5ADBB4E9F87}.Debug|Any CPU.Build.0 = Debug|Any CPU
		{A87DC318-F2CB-44C4-B0FE-D5ADBB4E9F87}.Debug|x64.ActiveCfg = Debug|Any CPU
		{A87DC318-F2CB-44C4-B0FE-D5ADBB4E9F87}.Debug|x64.Build.0 = Debug|Any CPU
		{A87DC318-F2CB-44C4-B0FE-D5ADBB4E9F87}.Debug|x86.ActiveCfg = Debug|Any CPU
		{A87DC318-F2CB-44C4-B0FE-D5ADBB4E9F87}.Debug|x86.Build.0 = Debug|Any CPU
		{A87DC318-F2CB-44C4-B0FE-D5ADBB4E9F87}.Release|Any CPU.ActiveCfg = Release|Any CPU
		{A87DC318-F2CB-44C4-B0FE-D5ADBB4E9F87}.Release|Any CPU.Build.0 = Release|Any CPU
		{A87DC318-F2CB-44C4-B0FE-D5ADBB4E9F87}.Release|x64.ActiveCfg = Release|Any CPU
		{A87DC318-F2CB-44C4-B0FE-D5ADBB4E9F87}.Release|x64.Build.0 = Release|Any CPU
		{A87DC318-F2CB-44C4-B0FE-D5ADBB4E9F87}.Release|x86.ActiveCfg = Release|Any CPU
		{A87DC318-F2CB-44C4-B0FE-D5ADBB4E9F87}.Release|x86.Build.0 = Release|Any CPU
		{789F98AA-20AA-4788-9BC2-D00D4F85D0A1}.Debug|Any CPU.ActiveCfg = Debug|Any CPU
		{789F98AA-20AA-4788-9BC2-D00D4F85D0A1}.Debug|Any CPU.Build.0 = Debug|Any CPU
		{789F98AA-20AA-4788-9BC2-D00D4F85D0A1}.Debug|x64.ActiveCfg = Debug|Any CPU
		{789F98AA-20AA-4788-9BC2-D00D4F85D0A1}.Debug|x64.Build.0 = Debug|Any CPU
		{789F98AA-20AA-4788-9BC2-D00D4F85D0A1}.Debug|x86.ActiveCfg = Debug|Any CPU
		{789F98AA-20AA-4788-9BC2-D00D4F85D0A1}.Debug|x86.Build.0 = Debug|Any CPU
		{789F98AA-20AA-4788-9BC2-D00D4F85D0A1}.Release|Any CPU.ActiveCfg = Release|Any CPU
		{789F98AA-20AA-4788-9BC2-D00D4F85D0A1}.Release|Any CPU.Build.0 = Release|Any CPU
		{789F98AA-20AA-4788-9BC2-D00D4F85D0A1}.Release|x64.ActiveCfg = Release|Any CPU
		{789F98AA-20AA-4788-9BC2-D00D4F85D0A1}.Release|x64.Build.0 = Release|Any CPU
		{789F98AA-20AA-4788-9BC2-D00D4F85D0A1}.Release|x86.ActiveCfg = Release|Any CPU
		{789F98AA-20AA-4788-9BC2-D00D4F85D0A1}.Release|x86.Build.0 = Release|Any CPU
		{FC4F9E0A-6BBF-4734-8CFC-6F9DF0145BEB}.Debug|Any CPU.ActiveCfg = Debug|Any CPU
		{FC4F9E0A-6BBF-4734-8CFC-6F9DF0145BEB}.Debug|Any CPU.Build.0 = Debug|Any CPU
		{FC4F9E0A-6BBF-4734-8CFC-6F9DF0145BEB}.Debug|x64.ActiveCfg = Debug|Any CPU
		{FC4F9E0A-6BBF-4734-8CFC-6F9DF0145BEB}.Debug|x64.Build.0 = Debug|Any CPU
		{FC4F9E0A-6BBF-4734-8CFC-6F9DF0145BEB}.Debug|x86.ActiveCfg = Debug|Any CPU
		{FC4F9E0A-6BBF-4734-8CFC-6F9DF0145BEB}.Debug|x86.Build.0 = Debug|Any CPU
		{FC4F9E0A-6BBF-4734-8CFC-6F9DF0145BEB}.Release|Any CPU.ActiveCfg = Release|Any CPU
		{FC4F9E0A-6BBF-4734-8CFC-6F9DF0145BEB}.Release|Any CPU.Build.0 = Release|Any CPU
		{FC4F9E0A-6BBF-4734-8CFC-6F9DF0145BEB}.Release|x64.ActiveCfg = Release|Any CPU
		{FC4F9E0A-6BBF-4734-8CFC-6F9DF0145BEB}.Release|x64.Build.0 = Release|Any CPU
		{FC4F9E0A-6BBF-4734-8CFC-6F9DF0145BEB}.Release|x86.ActiveCfg = Release|Any CPU
		{FC4F9E0A-6BBF-4734-8CFC-6F9DF0145BEB}.Release|x86.Build.0 = Release|Any CPU
		{5F223B79-0EF8-4CEA-9500-F0F79338A7C3}.Debug|Any CPU.ActiveCfg = Debug|Any CPU
		{5F223B79-0EF8-4CEA-9500-F0F79338A7C3}.Debug|Any CPU.Build.0 = Debug|Any CPU
		{5F223B79-0EF8-4CEA-9500-F0F79338A7C3}.Debug|x64.ActiveCfg = Debug|Any CPU
		{5F223B79-0EF8-4CEA-9500-F0F79338A7C3}.Debug|x64.Build.0 = Debug|Any CPU
		{5F223B79-0EF8-4CEA-9500-F0F79338A7C3}.Debug|x86.ActiveCfg = Debug|Any CPU
		{5F223B79-0EF8-4CEA-9500-F0F79338A7C3}.Debug|x86.Build.0 = Debug|Any CPU
		{5F223B79-0EF8-4CEA-9500-F0F79338A7C3}.Release|Any CPU.ActiveCfg = Release|Any CPU
		{5F223B79-0EF8-4CEA-9500-F0F79338A7C3}.Release|Any CPU.Build.0 = Release|Any CPU
		{5F223B79-0EF8-4CEA-9500-F0F79338A7C3}.Release|x64.ActiveCfg = Release|Any CPU
		{5F223B79-0EF8-4CEA-9500-F0F79338A7C3}.Release|x64.Build.0 = Release|Any CPU
		{5F223B79-0EF8-4CEA-9500-F0F79338A7C3}.Release|x86.ActiveCfg = Release|Any CPU
		{5F223B79-0EF8-4CEA-9500-F0F79338A7C3}.Release|x86.Build.0 = Release|Any CPU
		{34B720E2-ECEA-45C1-B3EF-B3FA6C1C8B88}.Debug|Any CPU.ActiveCfg = Debug|Any CPU
		{34B720E2-ECEA-45C1-B3EF-B3FA6C1C8B88}.Debug|Any CPU.Build.0 = Debug|Any CPU
		{34B720E2-ECEA-45C1-B3EF-B3FA6C1C8B88}.Debug|x64.ActiveCfg = Debug|Any CPU
		{34B720E2-ECEA-45C1-B3EF-B3FA6C1C8B88}.Debug|x64.Build.0 = Debug|Any CPU
		{34B720E2-ECEA-45C1-B3EF-B3FA6C1C8B88}.Debug|x86.ActiveCfg = Debug|Any CPU
		{34B720E2-ECEA-45C1-B3EF-B3FA6C1C8B88}.Debug|x86.Build.0 = Debug|Any CPU
		{34B720E2-ECEA-45C1-B3EF-B3FA6C1C8B88}.Release|Any CPU.ActiveCfg = Release|Any CPU
		{34B720E2-ECEA-45C1-B3EF-B3FA6C1C8B88}.Release|Any CPU.Build.0 = Release|Any CPU
		{34B720E2-ECEA-45C1-B3EF-B3FA6C1C8B88}.Release|x64.ActiveCfg = Release|Any CPU
		{34B720E2-ECEA-45C1-B3EF-B3FA6C1C8B88}.Release|x64.Build.0 = Release|Any CPU
		{34B720E2-ECEA-45C1-B3EF-B3FA6C1C8B88}.Release|x86.ActiveCfg = Release|Any CPU
		{34B720E2-ECEA-45C1-B3EF-B3FA6C1C8B88}.Release|x86.Build.0 = Release|Any CPU
		{DD4870C6-4883-450A-863F-9155A578FF25}.Debug|Any CPU.ActiveCfg = Debug|Any CPU
		{DD4870C6-4883-450A-863F-9155A578FF25}.Debug|Any CPU.Build.0 = Debug|Any CPU
		{DD4870C6-4883-450A-863F-9155A578FF25}.Debug|x64.ActiveCfg = Debug|Any CPU
		{DD4870C6-4883-450A-863F-9155A578FF25}.Debug|x64.Build.0 = Debug|Any CPU
		{DD4870C6-4883-450A-863F-9155A578FF25}.Debug|x86.ActiveCfg = Debug|Any CPU
		{DD4870C6-4883-450A-863F-9155A578FF25}.Debug|x86.Build.0 = Debug|Any CPU
		{DD4870C6-4883-450A-863F-9155A578FF25}.Release|Any CPU.ActiveCfg = Release|Any CPU
		{DD4870C6-4883-450A-863F-9155A578FF25}.Release|Any CPU.Build.0 = Release|Any CPU
		{DD4870C6-4883-450A-863F-9155A578FF25}.Release|x64.ActiveCfg = Release|Any CPU
		{DD4870C6-4883-450A-863F-9155A578FF25}.Release|x64.Build.0 = Release|Any CPU
		{DD4870C6-4883-450A-863F-9155A578FF25}.Release|x86.ActiveCfg = Release|Any CPU
		{DD4870C6-4883-450A-863F-9155A578FF25}.Release|x86.Build.0 = Release|Any CPU
		{76F039E5-8C6B-4CF0-A18C-016048B7405D}.Debug|Any CPU.ActiveCfg = Debug|Any CPU
		{76F039E5-8C6B-4CF0-A18C-016048B7405D}.Debug|Any CPU.Build.0 = Debug|Any CPU
		{76F039E5-8C6B-4CF0-A18C-016048B7405D}.Debug|x64.ActiveCfg = Debug|Any CPU
		{76F039E5-8C6B-4CF0-A18C-016048B7405D}.Debug|x64.Build.0 = Debug|Any CPU
		{76F039E5-8C6B-4CF0-A18C-016048B7405D}.Debug|x86.ActiveCfg = Debug|Any CPU
		{76F039E5-8C6B-4CF0-A18C-016048B7405D}.Debug|x86.Build.0 = Debug|Any CPU
		{76F039E5-8C6B-4CF0-A18C-016048B7405D}.Release|Any CPU.ActiveCfg = Release|Any CPU
		{76F039E5-8C6B-4CF0-A18C-016048B7405D}.Release|Any CPU.Build.0 = Release|Any CPU
		{76F039E5-8C6B-4CF0-A18C-016048B7405D}.Release|x64.ActiveCfg = Release|Any CPU
		{76F039E5-8C6B-4CF0-A18C-016048B7405D}.Release|x64.Build.0 = Release|Any CPU
		{76F039E5-8C6B-4CF0-A18C-016048B7405D}.Release|x86.ActiveCfg = Release|Any CPU
		{76F039E5-8C6B-4CF0-A18C-016048B7405D}.Release|x86.Build.0 = Release|Any CPU
	EndGlobalSection
	GlobalSection(SolutionProperties) = preSolution
		HideSolutionNode = FALSE
	EndGlobalSection
	GlobalSection(ExtensibilityGlobals) = postSolution
		SolutionGuid = {7DD03ED6-8C7E-4CD5-A32D-BDF5F08267F0}
	EndGlobalSection
EndGlobal
