Microsoft Visual Studio Solution File, Format Version 12.00
# Visual Studio 15
Project("{8BC9CEB8-8B4A-11D0-8D11-00A0C91BC942}") = "Lesson2List", "Lesson2List.vcxproj", "{570E7E72-B828-3ADD-984C-FE13A610C69D}"
	ProjectSection(ProjectDependencies) = postProject
		{11F14553-4978-3760-9322-86E9C60D03D5} = {11F14553-4978-3760-9322-86E9C60D03D5}
	EndProjectSection
EndProject
Project("{8BC9CEB8-8B4A-11D0-8D11-00A0C91BC942}") = "ALL_BUILD", "ALL_BUILD.vcxproj", "{527F060E-323E-3FDD-B157-B787907EC662}"
	ProjectSection(ProjectDependencies) = postProject
		{570E7E72-B828-3ADD-984C-FE13A610C69D} = {570E7E72-B828-3ADD-984C-FE13A610C69D}
		{11F14553-4978-3760-9322-86E9C60D03D5} = {11F14553-4978-3760-9322-86E9C60D03D5}
	EndProjectSection
EndProject
Project("{8BC9CEB8-8B4A-11D0-8D11-00A0C91BC942}") = "ZERO_CHECK", "ZERO_CHECK.vcxproj", "{11F14553-4978-3760-9322-86E9C60D03D5}"
	ProjectSection(ProjectDependencies) = postProject
	EndProjectSection
EndProject
Global
	GlobalSection(SolutionConfigurationPlatforms) = preSolution
		Debug|x64 = Debug|x64
		Release|x64 = Release|x64
		MinSizeRel|x64 = MinSizeRel|x64
		RelWithDebInfo|x64 = RelWithDebInfo|x64
	EndGlobalSection
	GlobalSection(ProjectConfigurationPlatforms) = postSolution
		{570E7E72-B828-3ADD-984C-FE13A610C69D}.Debug|x64.ActiveCfg = Debug|x64
		{570E7E72-B828-3ADD-984C-FE13A610C69D}.Debug|x64.Build.0 = Debug|x64
		{570E7E72-B828-3ADD-984C-FE13A610C69D}.Release|x64.ActiveCfg = Release|x64
		{570E7E72-B828-3ADD-984C-FE13A610C69D}.Release|x64.Build.0 = Release|x64
		{570E7E72-B828-3ADD-984C-FE13A610C69D}.MinSizeRel|x64.ActiveCfg = MinSizeRel|x64
		{570E7E72-B828-3ADD-984C-FE13A610C69D}.MinSizeRel|x64.Build.0 = MinSizeRel|x64
		{570E7E72-B828-3ADD-984C-FE13A610C69D}.RelWithDebInfo|x64.ActiveCfg = RelWithDebInfo|x64
		{570E7E72-B828-3ADD-984C-FE13A610C69D}.RelWithDebInfo|x64.Build.0 = RelWithDebInfo|x64
		{527F060E-323E-3FDD-B157-B787907EC662}.Debug|x64.ActiveCfg = Debug|x64
		{527F060E-323E-3FDD-B157-B787907EC662}.Release|x64.ActiveCfg = Release|x64
		{527F060E-323E-3FDD-B157-B787907EC662}.MinSizeRel|x64.ActiveCfg = MinSizeRel|x64
		{527F060E-323E-3FDD-B157-B787907EC662}.RelWithDebInfo|x64.ActiveCfg = RelWithDebInfo|x64
		{11F14553-4978-3760-9322-86E9C60D03D5}.Debug|x64.ActiveCfg = Debug|x64
		{11F14553-4978-3760-9322-86E9C60D03D5}.Debug|x64.Build.0 = Debug|x64
		{11F14553-4978-3760-9322-86E9C60D03D5}.Release|x64.ActiveCfg = Release|x64
		{11F14553-4978-3760-9322-86E9C60D03D5}.Release|x64.Build.0 = Release|x64
		{11F14553-4978-3760-9322-86E9C60D03D5}.MinSizeRel|x64.ActiveCfg = MinSizeRel|x64
		{11F14553-4978-3760-9322-86E9C60D03D5}.MinSizeRel|x64.Build.0 = MinSizeRel|x64
		{11F14553-4978-3760-9322-86E9C60D03D5}.RelWithDebInfo|x64.ActiveCfg = RelWithDebInfo|x64
		{11F14553-4978-3760-9322-86E9C60D03D5}.RelWithDebInfo|x64.Build.0 = RelWithDebInfo|x64
	EndGlobalSection
	GlobalSection(ExtensibilityGlobals) = postSolution
		SolutionGuid = {505165EE-113A-3505-BFD2-87B741034405}
	EndGlobalSection
	GlobalSection(ExtensibilityAddIns) = postSolution
	EndGlobalSection
EndGlobal
